<?xml version="1.0" encoding="utf-8"?>
<Project ToolsVersion="4.0" xmlns="http://schemas.microsoft.com/developer/msbuild/2003">
  <ItemGroup>
    <Filter Include="Runtime">
      <UniqueIdentifier>{05cdb28a-2204-4474-8373-f51f786c5ccf}</UniqueIdentifier>
    </Filter>
  </ItemGroup>
  <ItemGroup>
    <ClCompile Include="ClrRuntimeHost.cpp">
      <Filter>Runtime</Filter>
    </ClCompile>
    <ClCompile Include="ClrRuntimeHostCore.cpp">
      <Filter>Runtime</Filter>
    </ClCompile>
    <ClCompile Include="ClrRuntimeHostFactory.cpp">
      <Filter>Runtime</Filter>
    </ClCompile>
    <ClCompile Include="AddIn.cpp" />
    <ClCompile Include="dllmain.cpp" />
    <ClCompile Include="pch.cpp" />
    <ClCompile Include="ClrRuntimeHostV4.cpp">
      <Filter>Runtime</Filter>
    </ClCompile>
    <ClCompile Include="UserFunctions.cpp" />
    <ClCompile Include="MvcFunctions.cpp" />
    <ClCompile Include="Export.cpp" />
    <ClCompile Include="Export32.cpp" />
  </ItemGroup>
  <ItemGroup>
    <ClInclude Include="ClrRuntimeHost.h">
      <Filter>Runtime</Filter>
    </ClInclude>
    <ClInclude Include="ClrRuntimeHostCore.h">
      <Filter>Runtime</Filter>
    </ClInclude>
    <ClInclude Include="ClrRuntimeHostFactory.h">
      <Filter>Runtime</Filter>
    </ClInclude>
    <ClInclude Include="pch.h" />
    <ClInclude Include="targetver.h" />
    <ClInclude Include="ClrRuntimeHostV4.h">
      <Filter>Runtime</Filter>
    </ClInclude>
    <ClInclude Include="Export.h" />
    <ClInclude Include="CallStatus.h" />
    <ClInclude Include="Sdk\Include\XLCALL.H" />
  </ItemGroup>
  <ItemGroup>
    <None Include="AddIn.def" />
  </ItemGroup>
  <ItemGroup>
    <MASM Include="Export64.asm" />
  </ItemGroup>
</Project>