
Microsoft Visual Studio Solution File, Format Version 12.00
# Visual Studio Version 17
VisualStudioVersion = 17.9.34723.18
MinimumVisualStudioVersion = 10.0.40219.1
Project("{9A19103F-16F7-4668-BE54-9A1E7A4F7556}") = "ExcelDnaAddIn", "ExcelDnaAddIn\ExcelDnaAddIn.csproj", "{170E1363-903A-4DEF-B842-BF05949DC302}"
EndProject
Project("{9A19103F-16F7-4668-BE54-9A1E7A4F7556}") = "FunctionLibrary", "FunctionLibrary\FunctionLibrary.csproj", "{0A0273F1-DA1C-47C8-8BD2-016D88D3598F}"
EndProject
Project("{9A19103F-16F7-4668-BE54-9A1E7A4F7556}") = "MvcDnaInterOp", "MvcDnaInterOp\MvcDnaInterOp.csproj", "{42CA4269-DF2B-44B3-84E7-C7DB0AF516F0}"
EndProject
Project("{9A19103F-16F7-4668-BE54-9A1E7A4F7556}") = "ExceMvcAddIn", "ExceMvcAddIn\ExceMvcAddIn.csproj", "{F557AB29-7E0A-4F46-AEF9-D456E69CB84A}"
EndProject
Project("{2150E333-8FDC-42A3-9474-1A3956D46DE8}") = "0 - SideBySideWindowsOnly", "0 - SideBySideWindowsOnly", "{A9BFDDE3-AAF9-4CA1-8CAE-6DE82492BC21}"
EndProject
Project("{2150E333-8FDC-42A3-9474-1A3956D46DE8}") = "1 - PureCrossPlatform", "1 - PureCrossPlatform", "{09BDA90F-A99D-4AC2-B063-8B1C55A71610}"
EndProject
Project("{9A19103F-16F7-4668-BE54-9A1E7A4F7556}") = "PureLibrary", "PureLibrary\PureLibrary.csproj", "{B620E650-B333-4D5C-99BA-79FA651CE5DA}"
EndProject
Project("{FAE04EC0-301F-11D3-BF4B-00C04F79EFBC}") = "QLib", "QLib\QLib.csproj", "{3C21FE2C-0F28-42DD-8A6D-38C7B9BC0F23}"
EndProject
Global
	GlobalSection(SolutionConfigurationPlatforms) = preSolution
		Debug|Any CPU = Debug|Any CPU
		Release|Any CPU = Release|Any CPU
	EndGlobalSection
	GlobalSection(ProjectConfigurationPlatforms) = postSolution
		{170E1363-903A-4DEF-B842-BF05949DC302}.Debug|Any CPU.ActiveCfg = Debug|Any CPU
		{170E1363-903A-4DEF-B842-BF05949DC302}.Debug|Any CPU.Build.0 = Debug|Any CPU
		{170E1363-903A-4DEF-B842-BF05949DC302}.Release|Any CPU.ActiveCfg = Release|Any CPU
		{170E1363-903A-4DEF-B842-BF05949DC302}.Release|Any CPU.Build.0 = Release|Any CPU
		{0A0273F1-DA1C-47C8-8BD2-016D88D3598F}.Debug|Any CPU.ActiveCfg = Debug|Any CPU
		{0A0273F1-DA1C-47C8-8BD2-016D88D3598F}.Debug|Any CPU.Build.0 = Debug|Any CPU
		{0A0273F1-DA1C-47C8-8BD2-016D88D3598F}.Release|Any CPU.ActiveCfg = Release|Any CPU
		{0A0273F1-DA1C-47C8-8BD2-016D88D3598F}.Release|Any CPU.Build.0 = Release|Any CPU
		{42CA4269-DF2B-44B3-84E7-C7DB0AF516F0}.Debug|Any CPU.ActiveCfg = Debug|Any CPU
		{42CA4269-DF2B-44B3-84E7-C7DB0AF516F0}.Debug|Any CPU.Build.0 = Debug|Any CPU
		{42CA4269-DF2B-44B3-84E7-C7DB0AF516F0}.Release|Any CPU.ActiveCfg = Release|Any CPU
		{42CA4269-DF2B-44B3-84E7-C7DB0AF516F0}.Release|Any CPU.Build.0 = Release|Any CPU
		{F557AB29-7E0A-4F46-AEF9-D456E69CB84A}.Debug|Any CPU.ActiveCfg = Debug|Any CPU
		{F557AB29-7E0A-4F46-AEF9-D456E69CB84A}.Debug|Any CPU.Build.0 = Debug|Any CPU
		{F557AB29-7E0A-4F46-AEF9-D456E69CB84A}.Release|Any CPU.ActiveCfg = Release|Any CPU
		{F557AB29-7E0A-4F46-AEF9-D456E69CB84A}.Release|Any CPU.Build.0 = Release|Any CPU
		{B620E650-B333-4D5C-99BA-79FA651CE5DA}.Debug|Any CPU.ActiveCfg = Debug|Any CPU
		{B620E650-B333-4D5C-99BA-79FA651CE5DA}.Debug|Any CPU.Build.0 = Debug|Any CPU
		{B620E650-B333-4D5C-99BA-79FA651CE5DA}.Release|Any CPU.ActiveCfg = Release|Any CPU
		{B620E650-B333-4D5C-99BA-79FA651CE5DA}.Release|Any CPU.Build.0 = Release|Any CPU
		{3C21FE2C-0F28-42DD-8A6D-38C7B9BC0F23}.Debug|Any CPU.ActiveCfg = Debug|Any CPU
		{3C21FE2C-0F28-42DD-8A6D-38C7B9BC0F23}.Debug|Any CPU.Build.0 = Debug|Any CPU
		{3C21FE2C-0F28-42DD-8A6D-38C7B9BC0F23}.Release|Any CPU.ActiveCfg = Release|Any CPU
		{3C21FE2C-0F28-42DD-8A6D-38C7B9BC0F23}.Release|Any CPU.Build.0 = Release|Any CPU
	EndGlobalSection
	GlobalSection(SolutionProperties) = preSolution
		HideSolutionNode = FALSE
	EndGlobalSection
	GlobalSection(NestedProjects) = preSolution
		{170E1363-903A-4DEF-B842-BF05949DC302} = {A9BFDDE3-AAF9-4CA1-8CAE-6DE82492BC21}
		{0A0273F1-DA1C-47C8-8BD2-016D88D3598F} = {A9BFDDE3-AAF9-4CA1-8CAE-6DE82492BC21}
		{42CA4269-DF2B-44B3-84E7-C7DB0AF516F0} = {A9BFDDE3-AAF9-4CA1-8CAE-6DE82492BC21}
		{F557AB29-7E0A-4F46-AEF9-D456E69CB84A} = {A9BFDDE3-AAF9-4CA1-8CAE-6DE82492BC21}
		{B620E650-B333-4D5C-99BA-79FA651CE5DA} = {09BDA90F-A99D-4AC2-B063-8B1C55A71610}
		{3C21FE2C-0F28-42DD-8A6D-38C7B9BC0F23} = {09BDA90F-A99D-4AC2-B063-8B1C55A71610}
	EndGlobalSection
	GlobalSection(ExtensibilityGlobals) = postSolution
		SolutionGuid = {E85D7161-6749-466A-BB9D-B8E9F44CCC87}
	EndGlobalSection
EndGlobal
