
Microsoft Visual Studio Solution File, Format Version 12.00
# Visual Studio Version 17
VisualStudioVersion = 17.9.34723.18
MinimumVisualStudioVersion = 10.0.40219.1
Project("{FAE04EC0-301F-11D3-BF4B-00C04F79EFBC}") = "ExcelDnaAddIn", "ExcelDnaAddIn\ExcelDnaAddIn.csproj", "{170E1363-903A-4DEF-B842-BF05949DC302}"
EndProject
Project("{9A19103F-16F7-4668-BE54-9A1E7A4F7556}") = "FunctionLibrary", "FunctionLibrary\FunctionLibrary.csproj", "{0A0273F1-DA1C-47C8-8BD2-016D88D3598F}"
EndProject
Global
	GlobalSection(SolutionConfigurationPlatforms) = preSolution
		Debug|Any CPU = Debug|Any CPU
		Release|Any CPU = Release|Any CPU
	EndGlobalSection
	GlobalSection(ProjectConfigurationPlatforms) = postSolution
		{170E1363-903A-4DEF-B842-BF05949DC302}.Debug|Any CPU.ActiveCfg = Debug|Any CPU
		{170E1363-903A-4DEF-B842-BF05949DC302}.Debug|Any CPU.Build.0 = Debug|Any CPU
		{170E1363-903A-4DEF-B842-BF05949DC302}.Release|Any CPU.ActiveCfg = Release|Any CPU
		{170E1363-903A-4DEF-B842-BF05949DC302}.Release|Any CPU.Build.0 = Release|Any CPU
		{0A0273F1-DA1C-47C8-8BD2-016D88D3598F}.Debug|Any CPU.ActiveCfg = Debug|Any CPU
		{0A0273F1-DA1C-47C8-8BD2-016D88D3598F}.Debug|Any CPU.Build.0 = Debug|Any CPU
		{0A0273F1-DA1C-47C8-8BD2-016D88D3598F}.Release|Any CPU.ActiveCfg = Release|Any CPU
		{0A0273F1-DA1C-47C8-8BD2-016D88D3598F}.Release|Any CPU.Build.0 = Release|Any CPU
	EndGlobalSection
	GlobalSection(SolutionProperties) = preSolution
		HideSolutionNode = FALSE
	EndGlobalSection
	GlobalSection(ExtensibilityGlobals) = postSolution
		SolutionGuid = {E85D7161-6749-466A-BB9D-B8E9F44CCC87}
	EndGlobalSection
EndGlobal
