
Microsoft Visual Studio Solution File, Format Version 12.00
# Visual Studio 2013
VisualStudioVersion = 12.0.21005.1
MinimumVisualStudioVersion = 10.0.40219.1
Project("{2150E333-8FDC-42A3-9474-1A3956D46DE8}") = "Referenced  Projects", "Referenced  Projects", "{74193650-F80B-4997-8D73-ECF9FA1AA82B}"
EndProject
Project("{FAE04EC0-301F-11D3-BF4B-00C04F79EFBC}") = "ExcelMvc", "..\..\ExcelMvc\ExcelMvc\ExcelMvc.csproj", "{04AB5D30-781F-4CB1-820A-4A558AEE5B2C}"
EndProject
Project("{8BC9CEB8-8B4A-11D0-8D11-00A0C91BC942}") = "ExcelMvc.Addin", "..\..\ExcelMvc\ExcelMvc.Addin\ExcelMvc.Addin.vcxproj", "{9D7D2566-5F8F-4042-B8FE-32E8B1FCE183}"
EndProject
Project("{FAE04EC0-301F-11D3-BF4B-00C04F79EFBC}") = "SpotTrading", "SpotTrading\SpotTrading.csproj", "{F8FA8BD9-A07A-419E-A2F2-2844C7F74587}"
	ProjectSection(ProjectDependencies) = postProject
		{9D7D2566-5F8F-4042-B8FE-32E8B1FCE183} = {9D7D2566-5F8F-4042-B8FE-32E8B1FCE183}
	EndProjectSection
EndProject
Global
	GlobalSection(SolutionConfigurationPlatforms) = preSolution
		Debug|Any CPU = Debug|Any CPU
		Debug|Mixed Platforms = Debug|Mixed Platforms
		Debug|Win32 = Debug|Win32
		Debug|x64 = Debug|x64
		Release 3.5|Any CPU = Release 3.5|Any CPU
		Release 3.5|Mixed Platforms = Release 3.5|Mixed Platforms
		Release 3.5|Win32 = Release 3.5|Win32
		Release 3.5|x64 = Release 3.5|x64
		Release 4.0|Any CPU = Release 4.0|Any CPU
		Release 4.0|Mixed Platforms = Release 4.0|Mixed Platforms
		Release 4.0|Win32 = Release 4.0|Win32
		Release 4.0|x64 = Release 4.0|x64
		Release 4.5|Any CPU = Release 4.5|Any CPU
		Release 4.5|Mixed Platforms = Release 4.5|Mixed Platforms
		Release 4.5|Win32 = Release 4.5|Win32
		Release 4.5|x64 = Release 4.5|x64
		Release Package|Any CPU = Release Package|Any CPU
		Release Package|Mixed Platforms = Release Package|Mixed Platforms
		Release Package|Win32 = Release Package|Win32
		Release Package|x64 = Release Package|x64
	EndGlobalSection
	GlobalSection(ProjectConfigurationPlatforms) = postSolution
		{04AB5D30-781F-4CB1-820A-4A558AEE5B2C}.Debug|Any CPU.ActiveCfg = Debug|Any CPU
		{04AB5D30-781F-4CB1-820A-4A558AEE5B2C}.Debug|Any CPU.Build.0 = Debug|Any CPU
		{04AB5D30-781F-4CB1-820A-4A558AEE5B2C}.Debug|Mixed Platforms.ActiveCfg = Debug|Any CPU
		{04AB5D30-781F-4CB1-820A-4A558AEE5B2C}.Debug|Mixed Platforms.Build.0 = Debug|Any CPU
		{04AB5D30-781F-4CB1-820A-4A558AEE5B2C}.Debug|Win32.ActiveCfg = Debug|Any CPU
		{04AB5D30-781F-4CB1-820A-4A558AEE5B2C}.Debug|x64.ActiveCfg = Debug|Any CPU
		{04AB5D30-781F-4CB1-820A-4A558AEE5B2C}.Release 3.5|Any CPU.ActiveCfg = Release 3.5|Any CPU
		{04AB5D30-781F-4CB1-820A-4A558AEE5B2C}.Release 3.5|Any CPU.Build.0 = Release 3.5|Any CPU
		{04AB5D30-781F-4CB1-820A-4A558AEE5B2C}.Release 3.5|Mixed Platforms.ActiveCfg = Release 3.5|Any CPU
		{04AB5D30-781F-4CB1-820A-4A558AEE5B2C}.Release 3.5|Mixed Platforms.Build.0 = Release 3.5|Any CPU
		{04AB5D30-781F-4CB1-820A-4A558AEE5B2C}.Release 3.5|Win32.ActiveCfg = Release 3.5|Any CPU
		{04AB5D30-781F-4CB1-820A-4A558AEE5B2C}.Release 3.5|x64.ActiveCfg = Release 3.5|Any CPU
		{04AB5D30-781F-4CB1-820A-4A558AEE5B2C}.Release 4.0|Any CPU.ActiveCfg = Release 4.0|Any CPU
		{04AB5D30-781F-4CB1-820A-4A558AEE5B2C}.Release 4.0|Any CPU.Build.0 = Release 4.0|Any CPU
		{04AB5D30-781F-4CB1-820A-4A558AEE5B2C}.Release 4.0|Mixed Platforms.ActiveCfg = Release 4.0|Any CPU
		{04AB5D30-781F-4CB1-820A-4A558AEE5B2C}.Release 4.0|Mixed Platforms.Build.0 = Release 4.0|Any CPU
		{04AB5D30-781F-4CB1-820A-4A558AEE5B2C}.Release 4.0|Win32.ActiveCfg = Release 4.0|Any CPU
		{04AB5D30-781F-4CB1-820A-4A558AEE5B2C}.Release 4.0|x64.ActiveCfg = Release 4.0|Any CPU
		{04AB5D30-781F-4CB1-820A-4A558AEE5B2C}.Release 4.5|Any CPU.ActiveCfg = Release 4.5|Any CPU
		{04AB5D30-781F-4CB1-820A-4A558AEE5B2C}.Release 4.5|Any CPU.Build.0 = Release 4.5|Any CPU
		{04AB5D30-781F-4CB1-820A-4A558AEE5B2C}.Release 4.5|Mixed Platforms.ActiveCfg = Release 4.5|Any CPU
		{04AB5D30-781F-4CB1-820A-4A558AEE5B2C}.Release 4.5|Mixed Platforms.Build.0 = Release 4.5|Any CPU
		{04AB5D30-781F-4CB1-820A-4A558AEE5B2C}.Release 4.5|Win32.ActiveCfg = Release 4.5|Any CPU
		{04AB5D30-781F-4CB1-820A-4A558AEE5B2C}.Release 4.5|x64.ActiveCfg = Release 4.5|Any CPU
		{04AB5D30-781F-4CB1-820A-4A558AEE5B2C}.Release Package|Any CPU.ActiveCfg = Release Package|Any CPU
		{04AB5D30-781F-4CB1-820A-4A558AEE5B2C}.Release Package|Any CPU.Build.0 = Release Package|Any CPU
		{04AB5D30-781F-4CB1-820A-4A558AEE5B2C}.Release Package|Mixed Platforms.ActiveCfg = Release Package|Any CPU
		{04AB5D30-781F-4CB1-820A-4A558AEE5B2C}.Release Package|Mixed Platforms.Build.0 = Release Package|Any CPU
		{04AB5D30-781F-4CB1-820A-4A558AEE5B2C}.Release Package|Win32.ActiveCfg = Release Package|Any CPU
		{04AB5D30-781F-4CB1-820A-4A558AEE5B2C}.Release Package|x64.ActiveCfg = Release Package|Any CPU
		{9D7D2566-5F8F-4042-B8FE-32E8B1FCE183}.Debug|Any CPU.ActiveCfg = Debug|Win32
		{9D7D2566-5F8F-4042-B8FE-32E8B1FCE183}.Debug|Any CPU.Build.0 = Debug|Win32
		{9D7D2566-5F8F-4042-B8FE-32E8B1FCE183}.Debug|Mixed Platforms.ActiveCfg = Debug|Win32
		{9D7D2566-5F8F-4042-B8FE-32E8B1FCE183}.Debug|Mixed Platforms.Build.0 = Debug|Win32
		{9D7D2566-5F8F-4042-B8FE-32E8B1FCE183}.Debug|Win32.ActiveCfg = Debug|Win32
		{9D7D2566-5F8F-4042-B8FE-32E8B1FCE183}.Debug|Win32.Build.0 = Debug|Win32
		{9D7D2566-5F8F-4042-B8FE-32E8B1FCE183}.Debug|x64.ActiveCfg = Debug|x64
		{9D7D2566-5F8F-4042-B8FE-32E8B1FCE183}.Debug|x64.Build.0 = Debug|x64
		{9D7D2566-5F8F-4042-B8FE-32E8B1FCE183}.Release 3.5|Any CPU.ActiveCfg = Release 3.5|Win32
		{9D7D2566-5F8F-4042-B8FE-32E8B1FCE183}.Release 3.5|Any CPU.Build.0 = Release 3.5|Win32
		{9D7D2566-5F8F-4042-B8FE-32E8B1FCE183}.Release 3.5|Mixed Platforms.ActiveCfg = Release 3.5|Win32
		{9D7D2566-5F8F-4042-B8FE-32E8B1FCE183}.Release 3.5|Mixed Platforms.Build.0 = Release 3.5|Win32
		{9D7D2566-5F8F-4042-B8FE-32E8B1FCE183}.Release 3.5|Win32.ActiveCfg = Release 3.5|Win32
		{9D7D2566-5F8F-4042-B8FE-32E8B1FCE183}.Release 3.5|Win32.Build.0 = Release 3.5|Win32
		{9D7D2566-5F8F-4042-B8FE-32E8B1FCE183}.Release 3.5|x64.ActiveCfg = Release 3.5|x64
		{9D7D2566-5F8F-4042-B8FE-32E8B1FCE183}.Release 3.5|x64.Build.0 = Release 3.5|x64
		{9D7D2566-5F8F-4042-B8FE-32E8B1FCE183}.Release 4.0|Any CPU.ActiveCfg = Release 4.0|Win32
		{9D7D2566-5F8F-4042-B8FE-32E8B1FCE183}.Release 4.0|Any CPU.Build.0 = Release 4.0|Win32
		{9D7D2566-5F8F-4042-B8FE-32E8B1FCE183}.Release 4.0|Mixed Platforms.ActiveCfg = Release 4.0|Win32
		{9D7D2566-5F8F-4042-B8FE-32E8B1FCE183}.Release 4.0|Mixed Platforms.Build.0 = Release 4.0|Win32
		{9D7D2566-5F8F-4042-B8FE-32E8B1FCE183}.Release 4.0|Win32.ActiveCfg = Release 4.0|Win32
		{9D7D2566-5F8F-4042-B8FE-32E8B1FCE183}.Release 4.0|Win32.Build.0 = Release 4.0|Win32
		{9D7D2566-5F8F-4042-B8FE-32E8B1FCE183}.Release 4.0|x64.ActiveCfg = Release 4.0|x64
		{9D7D2566-5F8F-4042-B8FE-32E8B1FCE183}.Release 4.0|x64.Build.0 = Release 4.0|x64
		{9D7D2566-5F8F-4042-B8FE-32E8B1FCE183}.Release 4.5|Any CPU.ActiveCfg = Release 4.5|Win32
		{9D7D2566-5F8F-4042-B8FE-32E8B1FCE183}.Release 4.5|Any CPU.Build.0 = Release 4.5|Win32
		{9D7D2566-5F8F-4042-B8FE-32E8B1FCE183}.Release 4.5|Mixed Platforms.ActiveCfg = Release 4.5|Win32
		{9D7D2566-5F8F-4042-B8FE-32E8B1FCE183}.Release 4.5|Mixed Platforms.Build.0 = Release 4.5|Win32
		{9D7D2566-5F8F-4042-B8FE-32E8B1FCE183}.Release 4.5|Win32.ActiveCfg = Release 4.5|Win32
		{9D7D2566-5F8F-4042-B8FE-32E8B1FCE183}.Release 4.5|Win32.Build.0 = Release 4.5|Win32
		{9D7D2566-5F8F-4042-B8FE-32E8B1FCE183}.Release 4.5|x64.ActiveCfg = Release 4.5|x64
		{9D7D2566-5F8F-4042-B8FE-32E8B1FCE183}.Release 4.5|x64.Build.0 = Release 4.5|x64
		{9D7D2566-5F8F-4042-B8FE-32E8B1FCE183}.Release Package|Any CPU.ActiveCfg = Release Package|Win32
		{9D7D2566-5F8F-4042-B8FE-32E8B1FCE183}.Release Package|Any CPU.Build.0 = Release Package|Win32
		{9D7D2566-5F8F-4042-B8FE-32E8B1FCE183}.Release Package|Mixed Platforms.ActiveCfg = Release Package|Win32
		{9D7D2566-5F8F-4042-B8FE-32E8B1FCE183}.Release Package|Mixed Platforms.Build.0 = Release Package|Win32
		{9D7D2566-5F8F-4042-B8FE-32E8B1FCE183}.Release Package|Win32.ActiveCfg = Release Package|Win32
		{9D7D2566-5F8F-4042-B8FE-32E8B1FCE183}.Release Package|Win32.Build.0 = Release Package|Win32
		{9D7D2566-5F8F-4042-B8FE-32E8B1FCE183}.Release Package|x64.ActiveCfg = Release Package|x64
		{9D7D2566-5F8F-4042-B8FE-32E8B1FCE183}.Release Package|x64.Build.0 = Release Package|x64
		{F8FA8BD9-A07A-419E-A2F2-2844C7F74587}.Debug|Any CPU.ActiveCfg = Debug|Any CPU
		{F8FA8BD9-A07A-419E-A2F2-2844C7F74587}.Debug|Any CPU.Build.0 = Debug|Any CPU
		{F8FA8BD9-A07A-419E-A2F2-2844C7F74587}.Debug|Mixed Platforms.ActiveCfg = Debug|Any CPU
		{F8FA8BD9-A07A-419E-A2F2-2844C7F74587}.Debug|Mixed Platforms.Build.0 = Debug|Any CPU
		{F8FA8BD9-A07A-419E-A2F2-2844C7F74587}.Debug|Win32.ActiveCfg = Debug|Any CPU
		{F8FA8BD9-A07A-419E-A2F2-2844C7F74587}.Debug|x64.ActiveCfg = Debug|Any CPU
		{F8FA8BD9-A07A-419E-A2F2-2844C7F74587}.Release 3.5|Any CPU.ActiveCfg = Release 3.5|Any CPU
		{F8FA8BD9-A07A-419E-A2F2-2844C7F74587}.Release 3.5|Any CPU.Build.0 = Release 3.5|Any CPU
		{F8FA8BD9-A07A-419E-A2F2-2844C7F74587}.Release 3.5|Mixed Platforms.ActiveCfg = Debug|Any CPU
		{F8FA8BD9-A07A-419E-A2F2-2844C7F74587}.Release 3.5|Mixed Platforms.Build.0 = Debug|Any CPU
		{F8FA8BD9-A07A-419E-A2F2-2844C7F74587}.Release 3.5|Win32.ActiveCfg = Debug|Any CPU
		{F8FA8BD9-A07A-419E-A2F2-2844C7F74587}.Release 3.5|x64.ActiveCfg = Debug|Any CPU
		{F8FA8BD9-A07A-419E-A2F2-2844C7F74587}.Release 4.0|Any CPU.ActiveCfg = Release 4.0|Any CPU
		{F8FA8BD9-A07A-419E-A2F2-2844C7F74587}.Release 4.0|Any CPU.Build.0 = Release 4.0|Any CPU
		{F8FA8BD9-A07A-419E-A2F2-2844C7F74587}.Release 4.0|Mixed Platforms.ActiveCfg = Debug|Any CPU
		{F8FA8BD9-A07A-419E-A2F2-2844C7F74587}.Release 4.0|Mixed Platforms.Build.0 = Debug|Any CPU
		{F8FA8BD9-A07A-419E-A2F2-2844C7F74587}.Release 4.0|Win32.ActiveCfg = Debug|Any CPU
		{F8FA8BD9-A07A-419E-A2F2-2844C7F74587}.Release 4.0|x64.ActiveCfg = Debug|Any CPU
		{F8FA8BD9-A07A-419E-A2F2-2844C7F74587}.Release 4.5|Any CPU.ActiveCfg = Release 4.5|Any CPU
		{F8FA8BD9-A07A-419E-A2F2-2844C7F74587}.Release 4.5|Any CPU.Build.0 = Release 4.5|Any CPU
		{F8FA8BD9-A07A-419E-A2F2-2844C7F74587}.Release 4.5|Mixed Platforms.ActiveCfg = Debug|Any CPU
		{F8FA8BD9-A07A-419E-A2F2-2844C7F74587}.Release 4.5|Mixed Platforms.Build.0 = Debug|Any CPU
		{F8FA8BD9-A07A-419E-A2F2-2844C7F74587}.Release 4.5|Win32.ActiveCfg = Debug|Any CPU
		{F8FA8BD9-A07A-419E-A2F2-2844C7F74587}.Release 4.5|x64.ActiveCfg = Debug|Any CPU
		{F8FA8BD9-A07A-419E-A2F2-2844C7F74587}.Release Package|Any CPU.ActiveCfg = Release Package|Any CPU
		{F8FA8BD9-A07A-419E-A2F2-2844C7F74587}.Release Package|Any CPU.Build.0 = Release Package|Any CPU
		{F8FA8BD9-A07A-419E-A2F2-2844C7F74587}.Release Package|Mixed Platforms.ActiveCfg = Debug|Any CPU
		{F8FA8BD9-A07A-419E-A2F2-2844C7F74587}.Release Package|Mixed Platforms.Build.0 = Debug|Any CPU
		{F8FA8BD9-A07A-419E-A2F2-2844C7F74587}.Release Package|Win32.ActiveCfg = Debug|Any CPU
		{F8FA8BD9-A07A-419E-A2F2-2844C7F74587}.Release Package|x64.ActiveCfg = Debug|Any CPU
	EndGlobalSection
	GlobalSection(SolutionProperties) = preSolution
		HideSolutionNode = FALSE
	EndGlobalSection
	GlobalSection(NestedProjects) = preSolution
		{04AB5D30-781F-4CB1-820A-4A558AEE5B2C} = {74193650-F80B-4997-8D73-ECF9FA1AA82B}
		{9D7D2566-5F8F-4042-B8FE-32E8B1FCE183} = {74193650-F80B-4997-8D73-ECF9FA1AA82B}
	EndGlobalSection
EndGlobal
